// !$*UTF8*$!
{
	archiveVersion = 1;
	classes = {
	};
	objectVersion = 52;
	objects = {

/* Begin PBXBuildFile section */
		2D115E0D27EBA87400D8A6B5 /* TabRouter.swift in Sources */ = {isa = PBXBuildFile; fileRef = 2D115E0C27EBA87400D8A6B5 /* TabRouter.swift */; };
		2D33108027E9212D00A2021A /* QueenModel.swift in Sources */ = {isa = PBXBuildFile; fileRef = 2D33107F27E9212D00A2021A /* QueenModel.swift */; };
		2D33108527E926ED00A2021A /* TestQueen.json in Sources */ = {isa = PBXBuildFile; fileRef = 2D33108427E926ED00A2021A /* TestQueen.json */; };
		2D33109127EA3A8400A2021A /* TabBarItems.swift in Sources */ = {isa = PBXBuildFile; fileRef = 2D33109027EA3A8400A2021A /* TabBarItems.swift */; };
		2D33109927EA4AA400A2021A /* MockQueenDetailsViewModel.swift in Sources */ = {isa = PBXBuildFile; fileRef = 2D33109827EA4AA400A2021A /* MockQueenDetailsViewModel.swift */; };
		2D3310A227EA553800A2021A /* SDWebImage in Frameworks */ = {isa = PBXBuildFile; productRef = 2D3310A127EA553800A2021A /* SDWebImage */; };
		2D3310A727EA5B0700A2021A /* TestAllQueens.json in Sources */ = {isa = PBXBuildFile; fileRef = 2D3310A627EA5B0700A2021A /* TestAllQueens.json */; };
		2D3310B827EB820500A2021A /* QueensTableViewController.swift in Sources */ = {isa = PBXBuildFile; fileRef = 2D3310B627EB820500A2021A /* QueensTableViewController.swift */; };
		2D3310B927EB820500A2021A /* QueensTableViewController.xib in Resources */ = {isa = PBXBuildFile; fileRef = 2D3310B727EB820500A2021A /* QueensTableViewController.xib */; };
		2D3310C727EB82B700A2021A /* SingleQueenTableViewCell.swift in Sources */ = {isa = PBXBuildFile; fileRef = 2D3310C527EB82B700A2021A /* SingleQueenTableViewCell.swift */; };
		2D3310C827EB82B700A2021A /* SingleQueenTableViewCell.xib in Resources */ = {isa = PBXBuildFile; fileRef = 2D3310C627EB82B700A2021A /* SingleQueenTableViewCell.xib */; };
		2D3310D127EB8D0E00A2021A /* MockDataProvider.swift in Sources */ = {isa = PBXBuildFile; fileRef = 2D3310D027EB8D0E00A2021A /* MockDataProvider.swift */; };
		2D3310D527EB964E00A2021A /* TestAllQueens.json in Resources */ = {isa = PBXBuildFile; fileRef = 2D3310A627EA5B0700A2021A /* TestAllQueens.json */; };
		2D3310DA27EBA52000A2021A /* MockQueensViewModel.swift in Sources */ = {isa = PBXBuildFile; fileRef = 2D3310D927EBA52000A2021A /* MockQueensViewModel.swift */; };
		2D55905127EBBCE800FBD152 /* TestQueen.json in Resources */ = {isa = PBXBuildFile; fileRef = 2D33108427E926ED00A2021A /* TestQueen.json */; };
		2D86E4D327E91F4200646382 /* FavouritesViewController.swift in Sources */ = {isa = PBXBuildFile; fileRef = 2D86E4D127E91F4200646382 /* FavouritesViewController.swift */; };
		2D86E4D427E91F4200646382 /* FavouritesViewController.xib in Resources */ = {isa = PBXBuildFile; fileRef = 2D86E4D227E91F4200646382 /* FavouritesViewController.xib */; };
		2DC306E827E90E100061D641 /* AppDelegate.swift in Sources */ = {isa = PBXBuildFile; fileRef = 2DC306E727E90E100061D641 /* AppDelegate.swift */; };
		2DC306EA27E90E100061D641 /* SceneDelegate.swift in Sources */ = {isa = PBXBuildFile; fileRef = 2DC306E927E90E100061D641 /* SceneDelegate.swift */; };
		2DC306EC27E90E100061D641 /* ViewController.swift in Sources */ = {isa = PBXBuildFile; fileRef = 2DC306EB27E90E100061D641 /* ViewController.swift */; };
		2DC306EF27E90E100061D641 /* Main.storyboard in Resources */ = {isa = PBXBuildFile; fileRef = 2DC306ED27E90E100061D641 /* Main.storyboard */; };
		2DC306F227E90E100061D641 /* Dragedex.xcdatamodeld in Sources */ = {isa = PBXBuildFile; fileRef = 2DC306F027E90E100061D641 /* Dragedex.xcdatamodeld */; };
		2DC306F427E90E100061D641 /* Assets.xcassets in Resources */ = {isa = PBXBuildFile; fileRef = 2DC306F327E90E100061D641 /* Assets.xcassets */; };
		2DC306F727E90E100061D641 /* LaunchScreen.storyboard in Resources */ = {isa = PBXBuildFile; fileRef = 2DC306F527E90E100061D641 /* LaunchScreen.storyboard */; };
		2DC3070227E90E100061D641 /* DragedexTests.swift in Sources */ = {isa = PBXBuildFile; fileRef = 2DC3070127E90E100061D641 /* DragedexTests.swift */; };
		2DC3070D27E90E100061D641 /* DragedexUITests.swift in Sources */ = {isa = PBXBuildFile; fileRef = 2DC3070C27E90E100061D641 /* DragedexUITests.swift */; };
		2DC3072727E911E50061D641 /* MainTabBarController.swift in Sources */ = {isa = PBXBuildFile; fileRef = 2DC3072627E911E50061D641 /* MainTabBarController.swift */; };
		2DC3072D27E914090061D641 /* QueenDetailsViewController.swift in Sources */ = {isa = PBXBuildFile; fileRef = 2DC3072B27E914090061D641 /* QueenDetailsViewController.swift */; };
		2DC3072E27E914090061D641 /* QueenDetailsViewController.xib in Resources */ = {isa = PBXBuildFile; fileRef = 2DC3072C27E914090061D641 /* QueenDetailsViewController.xib */; };
		2DC3073427E91AEE0061D641 /* SeasonsViewController.swift in Sources */ = {isa = PBXBuildFile; fileRef = 2DC3073227E91AEE0061D641 /* SeasonsViewController.swift */; };
		2DC3073527E91AEE0061D641 /* SeasonsViewController.xib in Resources */ = {isa = PBXBuildFile; fileRef = 2DC3073327E91AEE0061D641 /* SeasonsViewController.xib */; };
/* End PBXBuildFile section */

/* Begin PBXContainerItemProxy section */
		2DC306FE27E90E100061D641 /* PBXContainerItemProxy */ = {
			isa = PBXContainerItemProxy;
			containerPortal = 2DC306DC27E90E100061D641 /* Project object */;
			proxyType = 1;
			remoteGlobalIDString = 2DC306E327E90E100061D641;
			remoteInfo = Dragedex;
		};
		2DC3070927E90E100061D641 /* PBXContainerItemProxy */ = {
			isa = PBXContainerItemProxy;
			containerPortal = 2DC306DC27E90E100061D641 /* Project object */;
			proxyType = 1;
			remoteGlobalIDString = 2DC306E327E90E100061D641;
			remoteInfo = Dragedex;
		};
/* End PBXContainerItemProxy section */

/* Begin PBXFileReference section */
		2D115E0C27EBA87400D8A6B5 /* TabRouter.swift */ = {isa = PBXFileReference; lastKnownFileType = sourcecode.swift; path = TabRouter.swift; sourceTree = "<group>"; };
		2D33107F27E9212D00A2021A /* QueenModel.swift */ = {isa = PBXFileReference; lastKnownFileType = sourcecode.swift; path = QueenModel.swift; sourceTree = "<group>"; };
		2D33108427E926ED00A2021A /* TestQueen.json */ = {isa = PBXFileReference; lastKnownFileType = text.json; path = TestQueen.json; sourceTree = "<group>"; };
		2D33109027EA3A8400A2021A /* TabBarItems.swift */ = {isa = PBXFileReference; lastKnownFileType = sourcecode.swift; path = TabBarItems.swift; sourceTree = "<group>"; };
		2D33109827EA4AA400A2021A /* MockQueenDetailsViewModel.swift */ = {isa = PBXFileReference; lastKnownFileType = sourcecode.swift; path = MockQueenDetailsViewModel.swift; sourceTree = "<group>"; };
		2D3310A627EA5B0700A2021A /* TestAllQueens.json */ = {isa = PBXFileReference; lastKnownFileType = text.json; path = TestAllQueens.json; sourceTree = "<group>"; };
		2D3310B627EB820500A2021A /* QueensTableViewController.swift */ = {isa = PBXFileReference; lastKnownFileType = sourcecode.swift; path = QueensTableViewController.swift; sourceTree = "<group>"; };
		2D3310B727EB820500A2021A /* QueensTableViewController.xib */ = {isa = PBXFileReference; lastKnownFileType = file.xib; path = QueensTableViewController.xib; sourceTree = "<group>"; };
		2D3310C527EB82B700A2021A /* SingleQueenTableViewCell.swift */ = {isa = PBXFileReference; lastKnownFileType = sourcecode.swift; path = SingleQueenTableViewCell.swift; sourceTree = "<group>"; };
		2D3310C627EB82B700A2021A /* SingleQueenTableViewCell.xib */ = {isa = PBXFileReference; lastKnownFileType = file.xib; path = SingleQueenTableViewCell.xib; sourceTree = "<group>"; };
		2D3310D027EB8D0E00A2021A /* MockDataProvider.swift */ = {isa = PBXFileReference; lastKnownFileType = sourcecode.swift; path = MockDataProvider.swift; sourceTree = "<group>"; };
		2D3310D927EBA52000A2021A /* MockQueensViewModel.swift */ = {isa = PBXFileReference; lastKnownFileType = sourcecode.swift; path = MockQueensViewModel.swift; sourceTree = "<group>"; };
		2D86E4D127E91F4200646382 /* FavouritesViewController.swift */ = {isa = PBXFileReference; lastKnownFileType = sourcecode.swift; path = FavouritesViewController.swift; sourceTree = "<group>"; };
		2D86E4D227E91F4200646382 /* FavouritesViewController.xib */ = {isa = PBXFileReference; lastKnownFileType = file.xib; path = FavouritesViewController.xib; sourceTree = "<group>"; };
		2DC306E427E90E100061D641 /* Dragedex.app */ = {isa = PBXFileReference; explicitFileType = wrapper.application; includeInIndex = 0; path = Dragedex.app; sourceTree = BUILT_PRODUCTS_DIR; };
		2DC306E727E90E100061D641 /* AppDelegate.swift */ = {isa = PBXFileReference; lastKnownFileType = sourcecode.swift; path = AppDelegate.swift; sourceTree = "<group>"; };
		2DC306E927E90E100061D641 /* SceneDelegate.swift */ = {isa = PBXFileReference; lastKnownFileType = sourcecode.swift; path = SceneDelegate.swift; sourceTree = "<group>"; };
		2DC306EB27E90E100061D641 /* ViewController.swift */ = {isa = PBXFileReference; lastKnownFileType = sourcecode.swift; path = ViewController.swift; sourceTree = "<group>"; };
		2DC306EE27E90E100061D641 /* Base */ = {isa = PBXFileReference; lastKnownFileType = file.storyboard; name = Base; path = Base.lproj/Main.storyboard; sourceTree = "<group>"; };
		2DC306F127E90E100061D641 /* Dragedex.xcdatamodel */ = {isa = PBXFileReference; lastKnownFileType = wrapper.xcdatamodel; path = Dragedex.xcdatamodel; sourceTree = "<group>"; };
		2DC306F327E90E100061D641 /* Assets.xcassets */ = {isa = PBXFileReference; lastKnownFileType = folder.assetcatalog; path = Assets.xcassets; sourceTree = "<group>"; };
		2DC306F627E90E100061D641 /* Base */ = {isa = PBXFileReference; lastKnownFileType = file.storyboard; name = Base; path = Base.lproj/LaunchScreen.storyboard; sourceTree = "<group>"; };
		2DC306F827E90E100061D641 /* Info.plist */ = {isa = PBXFileReference; lastKnownFileType = text.plist.xml; path = Info.plist; sourceTree = "<group>"; };
		2DC306FD27E90E100061D641 /* DragedexTests.xctest */ = {isa = PBXFileReference; explicitFileType = wrapper.cfbundle; includeInIndex = 0; path = DragedexTests.xctest; sourceTree = BUILT_PRODUCTS_DIR; };
		2DC3070127E90E100061D641 /* DragedexTests.swift */ = {isa = PBXFileReference; lastKnownFileType = sourcecode.swift; path = DragedexTests.swift; sourceTree = "<group>"; };
		2DC3070327E90E100061D641 /* Info.plist */ = {isa = PBXFileReference; lastKnownFileType = text.plist.xml; path = Info.plist; sourceTree = "<group>"; };
		2DC3070827E90E100061D641 /* DragedexUITests.xctest */ = {isa = PBXFileReference; explicitFileType = wrapper.cfbundle; includeInIndex = 0; path = DragedexUITests.xctest; sourceTree = BUILT_PRODUCTS_DIR; };
		2DC3070C27E90E100061D641 /* DragedexUITests.swift */ = {isa = PBXFileReference; lastKnownFileType = sourcecode.swift; path = DragedexUITests.swift; sourceTree = "<group>"; };
		2DC3070E27E90E100061D641 /* Info.plist */ = {isa = PBXFileReference; lastKnownFileType = text.plist.xml; path = Info.plist; sourceTree = "<group>"; };
		2DC3072627E911E50061D641 /* MainTabBarController.swift */ = {isa = PBXFileReference; lastKnownFileType = sourcecode.swift; path = MainTabBarController.swift; sourceTree = "<group>"; };
		2DC3072B27E914090061D641 /* QueenDetailsViewController.swift */ = {isa = PBXFileReference; lastKnownFileType = sourcecode.swift; path = QueenDetailsViewController.swift; sourceTree = "<group>"; };
		2DC3072C27E914090061D641 /* QueenDetailsViewController.xib */ = {isa = PBXFileReference; lastKnownFileType = file.xib; path = QueenDetailsViewController.xib; sourceTree = "<group>"; };
		2DC3073227E91AEE0061D641 /* SeasonsViewController.swift */ = {isa = PBXFileReference; lastKnownFileType = sourcecode.swift; path = SeasonsViewController.swift; sourceTree = "<group>"; };
		2DC3073327E91AEE0061D641 /* SeasonsViewController.xib */ = {isa = PBXFileReference; lastKnownFileType = file.xib; path = SeasonsViewController.xib; sourceTree = "<group>"; };
/* End PBXFileReference section */

/* Begin PBXFrameworksBuildPhase section */
		2DC306E127E90E100061D641 /* Frameworks */ = {
			isa = PBXFrameworksBuildPhase;
			buildActionMask = 2147483647;
			files = (
				2D3310A227EA553800A2021A /* SDWebImage in Frameworks */,
			);
			runOnlyForDeploymentPostprocessing = 0;
		};
		2DC306FA27E90E100061D641 /* Frameworks */ = {
			isa = PBXFrameworksBuildPhase;
			buildActionMask = 2147483647;
			files = (
			);
			runOnlyForDeploymentPostprocessing = 0;
		};
		2DC3070527E90E100061D641 /* Frameworks */ = {
			isa = PBXFrameworksBuildPhase;
			buildActionMask = 2147483647;
			files = (
			);
			runOnlyForDeploymentPostprocessing = 0;
		};
/* End PBXFrameworksBuildPhase section */

/* Begin PBXGroup section */
		2D115E0B27EBA83B00D8A6B5 /* Navigation */ = {
			isa = PBXGroup;
			children = (
				2D115E0C27EBA87400D8A6B5 /* TabRouter.swift */,
			);
			path = Navigation;
			sourceTree = "<group>";
		};
		2D33107E27E9211300A2021A /* Models */ = {
			isa = PBXGroup;
			children = (
				2D33107F27E9212D00A2021A /* QueenModel.swift */,
			);
			path = Models;
			sourceTree = "<group>";
		};
		2D3310CF27EB8CE600A2021A /* Mocks */ = {
			isa = PBXGroup;
			children = (
				2D33109827EA4AA400A2021A /* MockQueenDetailsViewModel.swift */,
				2D3310D927EBA52000A2021A /* MockQueensViewModel.swift */,
				2D33108427E926ED00A2021A /* TestQueen.json */,
				2D3310A627EA5B0700A2021A /* TestAllQueens.json */,
				2D3310D027EB8D0E00A2021A /* MockDataProvider.swift */,
			);
			path = Mocks;
			sourceTree = "<group>";
		};
		2DC306DB27E90E100061D641 = {
			isa = PBXGroup;
			children = (
				2DC306E627E90E100061D641 /* Dragedex */,
				2DC3070027E90E100061D641 /* DragedexTests */,
				2DC3070B27E90E100061D641 /* DragedexUITests */,
				2DC306E527E90E100061D641 /* Products */,
			);
			sourceTree = "<group>";
		};
		2DC306E527E90E100061D641 /* Products */ = {
			isa = PBXGroup;
			children = (
				2DC306E427E90E100061D641 /* Dragedex.app */,
				2DC306FD27E90E100061D641 /* DragedexTests.xctest */,
				2DC3070827E90E100061D641 /* DragedexUITests.xctest */,
			);
			name = Products;
			sourceTree = "<group>";
		};
		2DC306E627E90E100061D641 /* Dragedex */ = {
			isa = PBXGroup;
			children = (
				2D115E0B27EBA83B00D8A6B5 /* Navigation */,
				2D3310CF27EB8CE600A2021A /* Mocks */,
				2D33107E27E9211300A2021A /* Models */,
				2DC3073927E91B040061D641 /* Controllers */,
				2DC306E727E90E100061D641 /* AppDelegate.swift */,
				2DC306E927E90E100061D641 /* SceneDelegate.swift */,
				2DC306EB27E90E100061D641 /* ViewController.swift */,
				2DC306ED27E90E100061D641 /* Main.storyboard */,
				2D33109027EA3A8400A2021A /* TabBarItems.swift */,
				2DC306F327E90E100061D641 /* Assets.xcassets */,
				2DC306F527E90E100061D641 /* LaunchScreen.storyboard */,
				2DC306F827E90E100061D641 /* Info.plist */,
				2DC306F027E90E100061D641 /* Dragedex.xcdatamodeld */,
			);
			path = Dragedex;
			sourceTree = "<group>";
		};
		2DC3070027E90E100061D641 /* DragedexTests */ = {
			isa = PBXGroup;
			children = (
				2DC3070127E90E100061D641 /* DragedexTests.swift */,
				2DC3070327E90E100061D641 /* Info.plist */,
			);
			path = DragedexTests;
			sourceTree = "<group>";
		};
		2DC3070B27E90E100061D641 /* DragedexUITests */ = {
			isa = PBXGroup;
			children = (
				2DC3070C27E90E100061D641 /* DragedexUITests.swift */,
				2DC3070E27E90E100061D641 /* Info.plist */,
			);
			path = DragedexUITests;
			sourceTree = "<group>";
		};
		2DC3073927E91B040061D641 /* Controllers */ = {
			isa = PBXGroup;
			children = (
				2DC3072627E911E50061D641 /* MainTabBarController.swift */,
				2D3310B627EB820500A2021A /* QueensTableViewController.swift */,
				2D3310B727EB820500A2021A /* QueensTableViewController.xib */,
				2D3310C527EB82B700A2021A /* SingleQueenTableViewCell.swift */,
				2D3310C627EB82B700A2021A /* SingleQueenTableViewCell.xib */,
				2DC3072B27E914090061D641 /* QueenDetailsViewController.swift */,
				2DC3072C27E914090061D641 /* QueenDetailsViewController.xib */,
				2DC3073227E91AEE0061D641 /* SeasonsViewController.swift */,
				2DC3073327E91AEE0061D641 /* SeasonsViewController.xib */,
				2D86E4D127E91F4200646382 /* FavouritesViewController.swift */,
				2D86E4D227E91F4200646382 /* FavouritesViewController.xib */,
			);
			path = Controllers;
			sourceTree = "<group>";
		};
/* End PBXGroup section */

/* Begin PBXNativeTarget section */
		2DC306E327E90E100061D641 /* Dragedex */ = {
			isa = PBXNativeTarget;
			buildConfigurationList = 2DC3071127E90E100061D641 /* Build configuration list for PBXNativeTarget "Dragedex" */;
			buildPhases = (
				2DC306E027E90E100061D641 /* Sources */,
				2DC306E127E90E100061D641 /* Frameworks */,
				2DC306E227E90E100061D641 /* Resources */,
			);
			buildRules = (
			);
			dependencies = (
			);
			name = Dragedex;
			packageProductDependencies = (
				2D3310A127EA553800A2021A /* SDWebImage */,
			);
			productName = Dragedex;
			productReference = 2DC306E427E90E100061D641 /* Dragedex.app */;
			productType = "com.apple.product-type.application";
		};
		2DC306FC27E90E100061D641 /* DragedexTests */ = {
			isa = PBXNativeTarget;
			buildConfigurationList = 2DC3071427E90E100061D641 /* Build configuration list for PBXNativeTarget "DragedexTests" */;
			buildPhases = (
				2DC306F927E90E100061D641 /* Sources */,
				2DC306FA27E90E100061D641 /* Frameworks */,
				2DC306FB27E90E100061D641 /* Resources */,
			);
			buildRules = (
			);
			dependencies = (
				2DC306FF27E90E100061D641 /* PBXTargetDependency */,
			);
			name = DragedexTests;
			productName = DragedexTests;
			productReference = 2DC306FD27E90E100061D641 /* DragedexTests.xctest */;
			productType = "com.apple.product-type.bundle.unit-test";
		};
		2DC3070727E90E100061D641 /* DragedexUITests */ = {
			isa = PBXNativeTarget;
			buildConfigurationList = 2DC3071727E90E100061D641 /* Build configuration list for PBXNativeTarget "DragedexUITests" */;
			buildPhases = (
				2DC3070427E90E100061D641 /* Sources */,
				2DC3070527E90E100061D641 /* Frameworks */,
				2DC3070627E90E100061D641 /* Resources */,
			);
			buildRules = (
			);
			dependencies = (
				2DC3070A27E90E100061D641 /* PBXTargetDependency */,
			);
			name = DragedexUITests;
			productName = DragedexUITests;
			productReference = 2DC3070827E90E100061D641 /* DragedexUITests.xctest */;
			productType = "com.apple.product-type.bundle.ui-testing";
		};
/* End PBXNativeTarget section */

/* Begin PBXProject section */
		2DC306DC27E90E100061D641 /* Project object */ = {
			isa = PBXProject;
			attributes = {
				LastSwiftUpdateCheck = 1240;
				LastUpgradeCheck = 1240;
				TargetAttributes = {
					2DC306E327E90E100061D641 = {
						CreatedOnToolsVersion = 12.4;
					};
					2DC306FC27E90E100061D641 = {
						CreatedOnToolsVersion = 12.4;
						TestTargetID = 2DC306E327E90E100061D641;
					};
					2DC3070727E90E100061D641 = {
						CreatedOnToolsVersion = 12.4;
						TestTargetID = 2DC306E327E90E100061D641;
					};
				};
			};
			buildConfigurationList = 2DC306DF27E90E100061D641 /* Build configuration list for PBXProject "Dragedex" */;
			compatibilityVersion = "Xcode 9.3";
			developmentRegion = en;
			hasScannedForEncodings = 0;
			knownRegions = (
				en,
				Base,
			);
			mainGroup = 2DC306DB27E90E100061D641;
			packageReferences = (
				2D3310A027EA553800A2021A /* XCRemoteSwiftPackageReference "SDWebImage" */,
			);
			productRefGroup = 2DC306E527E90E100061D641 /* Products */;
			projectDirPath = "";
			projectRoot = "";
			targets = (
				2DC306E327E90E100061D641 /* Dragedex */,
				2DC306FC27E90E100061D641 /* DragedexTests */,
				2DC3070727E90E100061D641 /* DragedexUITests */,
			);
		};
/* End PBXProject section */

/* Begin PBXResourcesBuildPhase section */
		2DC306E227E90E100061D641 /* Resources */ = {
			isa = PBXResourcesBuildPhase;
			buildActionMask = 2147483647;
			files = (
				2D55905127EBBCE800FBD152 /* TestQueen.json in Resources */,
				2D3310D527EB964E00A2021A /* TestAllQueens.json in Resources */,
				2D3310C827EB82B700A2021A /* SingleQueenTableViewCell.xib in Resources */,
				2DC306F727E90E100061D641 /* LaunchScreen.storyboard in Resources */,
				2DC306F427E90E100061D641 /* Assets.xcassets in Resources */,
				2D86E4D427E91F4200646382 /* FavouritesViewController.xib in Resources */,
				2DC3073527E91AEE0061D641 /* SeasonsViewController.xib in Resources */,
				2DC3072E27E914090061D641 /* QueenDetailsViewController.xib in Resources */,
				2D3310B927EB820500A2021A /* QueensTableViewController.xib in Resources */,
				2DC306EF27E90E100061D641 /* Main.storyboard in Resources */,
			);
			runOnlyForDeploymentPostprocessing = 0;
		};
		2DC306FB27E90E100061D641 /* Resources */ = {
			isa = PBXResourcesBuildPhase;
			buildActionMask = 2147483647;
			files = (
			);
			runOnlyForDeploymentPostprocessing = 0;
		};
		2DC3070627E90E100061D641 /* Resources */ = {
			isa = PBXResourcesBuildPhase;
			buildActionMask = 2147483647;
			files = (
			);
			runOnlyForDeploymentPostprocessing = 0;
		};
/* End PBXResourcesBuildPhase section */

/* Begin PBXSourcesBuildPhase section */
		2DC306E027E90E100061D641 /* Sources */ = {
			isa = PBXSourcesBuildPhase;
			buildActionMask = 2147483647;
			files = (
				2D3310D127EB8D0E00A2021A /* MockDataProvider.swift in Sources */,
				2D3310A727EA5B0700A2021A /* TestAllQueens.json in Sources */,
				2D33108027E9212D00A2021A /* QueenModel.swift in Sources */,
				2D86E4D327E91F4200646382 /* FavouritesViewController.swift in Sources */,
				2DC306EC27E90E100061D641 /* ViewController.swift in Sources */,
				2DC3073427E91AEE0061D641 /* SeasonsViewController.swift in Sources */,
				2D33109927EA4AA400A2021A /* MockQueenDetailsViewModel.swift in Sources */,
				2D33108527E926ED00A2021A /* TestQueen.json in Sources */,
				2DC306F227E90E100061D641 /* Dragedex.xcdatamodeld in Sources */,
				2DC3072727E911E50061D641 /* MainTabBarController.swift in Sources */,
				2D3310C727EB82B700A2021A /* SingleQueenTableViewCell.swift in Sources */,
				2DC306E827E90E100061D641 /* AppDelegate.swift in Sources */,
				2D33109127EA3A8400A2021A /* TabBarItems.swift in Sources */,
				2D3310DA27EBA52000A2021A /* MockQueensViewModel.swift in Sources */,
				2D115E0D27EBA87400D8A6B5 /* TabRouter.swift in Sources */,
				2DC3072D27E914090061D641 /* QueenDetailsViewController.swift in Sources */,
				2D3310B827EB820500A2021A /* QueensTableViewController.swift in Sources */,
				2DC306EA27E90E100061D641 /* SceneDelegate.swift in Sources */,
			);
			runOnlyForDeploymentPostprocessing = 0;
		};
		2DC306F927E90E100061D641 /* Sources */ = {
			isa = PBXSourcesBuildPhase;
			buildActionMask = 2147483647;
			files = (
				2DC3070227E90E100061D641 /* DragedexTests.swift in Sources */,
			);
			runOnlyForDeploymentPostprocessing = 0;
		};
		2DC3070427E90E100061D641 /* Sources */ = {
			isa = PBXSourcesBuildPhase;
			buildActionMask = 2147483647;
			files = (
				2DC3070D27E90E100061D641 /* DragedexUITests.swift in Sources */,
			);
			runOnlyForDeploymentPostprocessing = 0;
		};
/* End PBXSourcesBuildPhase section */

/* Begin PBXTargetDependency section */
		2DC306FF27E90E100061D641 /* PBXTargetDependency */ = {
			isa = PBXTargetDependency;
			target = 2DC306E327E90E100061D641 /* Dragedex */;
			targetProxy = 2DC306FE27E90E100061D641 /* PBXContainerItemProxy */;
		};
		2DC3070A27E90E100061D641 /* PBXTargetDependency */ = {
			isa = PBXTargetDependency;
			target = 2DC306E327E90E100061D641 /* Dragedex */;
			targetProxy = 2DC3070927E90E100061D641 /* PBXContainerItemProxy */;
		};
/* End PBXTargetDependency section */

/* Begin PBXVariantGroup section */
		2DC306ED27E90E100061D641 /* Main.storyboard */ = {
			isa = PBXVariantGroup;
			children = (
				2DC306EE27E90E100061D641 /* Base */,
			);
			name = Main.storyboard;
			sourceTree = "<group>";
		};
		2DC306F527E90E100061D641 /* LaunchScreen.storyboard */ = {
			isa = PBXVariantGroup;
			children = (
				2DC306F627E90E100061D641 /* Base */,
			);
			name = LaunchScreen.storyboard;
			sourceTree = "<group>";
		};
/* End PBXVariantGroup section */

/* Begin XCBuildConfiguration section */
		2DC3070F27E90E100061D641 /* Debug */ = {
			isa = XCBuildConfiguration;
			buildSettings = {
				ALWAYS_SEARCH_USER_PATHS = NO;
				CLANG_ANALYZER_NONNULL = YES;
				CLANG_ANALYZER_NUMBER_OBJECT_CONVERSION = YES_AGGRESSIVE;
				CLANG_CXX_LANGUAGE_STANDARD = "gnu++14";
				CLANG_CXX_LIBRARY = "libc++";
				CLANG_ENABLE_MODULES = YES;
				CLANG_ENABLE_OBJC_ARC = YES;
				CLANG_ENABLE_OBJC_WEAK = YES;
				CLANG_WARN_BLOCK_CAPTURE_AUTORELEASING = YES;
				CLANG_WARN_BOOL_CONVERSION = YES;
				CLANG_WARN_COMMA = YES;
				CLANG_WARN_CONSTANT_CONVERSION = YES;
				CLANG_WARN_DEPRECATED_OBJC_IMPLEMENTATIONS = YES;
				CLANG_WARN_DIRECT_OBJC_ISA_USAGE = YES_ERROR;
				CLANG_WARN_DOCUMENTATION_COMMENTS = YES;
				CLANG_WARN_EMPTY_BODY = YES;
				CLANG_WARN_ENUM_CONVERSION = YES;
				CLANG_WARN_INFINITE_RECURSION = YES;
				CLANG_WARN_INT_CONVERSION = YES;
				CLANG_WARN_NON_LITERAL_NULL_CONVERSION = YES;
				CLANG_WARN_OBJC_IMPLICIT_RETAIN_SELF = YES;
				CLANG_WARN_OBJC_LITERAL_CONVERSION = YES;
				CLANG_WARN_OBJC_ROOT_CLASS = YES_ERROR;
				CLANG_WARN_QUOTED_INCLUDE_IN_FRAMEWORK_HEADER = YES;
				CLANG_WARN_RANGE_LOOP_ANALYSIS = YES;
				CLANG_WARN_STRICT_PROTOTYPES = YES;
				CLANG_WARN_SUSPICIOUS_MOVE = YES;
				CLANG_WARN_UNGUARDED_AVAILABILITY = YES_AGGRESSIVE;
				CLANG_WARN_UNREACHABLE_CODE = YES;
				CLANG_WARN__DUPLICATE_METHOD_MATCH = YES;
				COPY_PHASE_STRIP = NO;
				DEBUG_INFORMATION_FORMAT = dwarf;
				ENABLE_STRICT_OBJC_MSGSEND = YES;
				ENABLE_TESTABILITY = YES;
				GCC_C_LANGUAGE_STANDARD = gnu11;
				GCC_DYNAMIC_NO_PIC = NO;
				GCC_NO_COMMON_BLOCKS = YES;
				GCC_OPTIMIZATION_LEVEL = 0;
				GCC_PREPROCESSOR_DEFINITIONS = (
					"DEBUG=1",
					"$(inherited)",
				);
				GCC_WARN_64_TO_32_BIT_CONVERSION = YES;
				GCC_WARN_ABOUT_RETURN_TYPE = YES_ERROR;
				GCC_WARN_UNDECLARED_SELECTOR = YES;
				GCC_WARN_UNINITIALIZED_AUTOS = YES_AGGRESSIVE;
				GCC_WARN_UNUSED_FUNCTION = YES;
				GCC_WARN_UNUSED_VARIABLE = YES;
				IPHONEOS_DEPLOYMENT_TARGET = 14.4;
				MTL_ENABLE_DEBUG_INFO = INCLUDE_SOURCE;
				MTL_FAST_MATH = YES;
				ONLY_ACTIVE_ARCH = YES;
				SDKROOT = iphoneos;
				SWIFT_ACTIVE_COMPILATION_CONDITIONS = DEBUG;
				SWIFT_OPTIMIZATION_LEVEL = "-Onone";
			};
			name = Debug;
		};
		2DC3071027E90E100061D641 /* Release */ = {
			isa = XCBuildConfiguration;
			buildSettings = {
				ALWAYS_SEARCH_USER_PATHS = NO;
				CLANG_ANALYZER_NONNULL = YES;
				CLANG_ANALYZER_NUMBER_OBJECT_CONVERSION = YES_AGGRESSIVE;
				CLANG_CXX_LANGUAGE_STANDARD = "gnu++14";
				CLANG_CXX_LIBRARY = "libc++";
				CLANG_ENABLE_MODULES = YES;
				CLANG_ENABLE_OBJC_ARC = YES;
				CLANG_ENABLE_OBJC_WEAK = YES;
				CLANG_WARN_BLOCK_CAPTURE_AUTORELEASING = YES;
				CLANG_WARN_BOOL_CONVERSION = YES;
				CLANG_WARN_COMMA = YES;
				CLANG_WARN_CONSTANT_CONVERSION = YES;
				CLANG_WARN_DEPRECATED_OBJC_IMPLEMENTATIONS = YES;
				CLANG_WARN_DIRECT_OBJC_ISA_USAGE = YES_ERROR;
				CLANG_WARN_DOCUMENTATION_COMMENTS = YES;
				CLANG_WARN_EMPTY_BODY = YES;
				CLANG_WARN_ENUM_CONVERSION = YES;
				CLANG_WARN_INFINITE_RECURSION = YES;
				CLANG_WARN_INT_CONVERSION = YES;
				CLANG_WARN_NON_LITERAL_NULL_CONVERSION = YES;
				CLANG_WARN_OBJC_IMPLICIT_RETAIN_SELF = YES;
				CLANG_WARN_OBJC_LITERAL_CONVERSION = YES;
				CLANG_WARN_OBJC_ROOT_CLASS = YES_ERROR;
				CLANG_WARN_QUOTED_INCLUDE_IN_FRAMEWORK_HEADER = YES;
				CLANG_WARN_RANGE_LOOP_ANALYSIS = YES;
				CLANG_WARN_STRICT_PROTOTYPES = YES;
				CLANG_WARN_SUSPICIOUS_MOVE = YES;
				CLANG_WARN_UNGUARDED_AVAILABILITY = YES_AGGRESSIVE;
				CLANG_WARN_UNREACHABLE_CODE = YES;
				CLANG_WARN__DUPLICATE_METHOD_MATCH = YES;
				COPY_PHASE_STRIP = NO;
				DEBUG_INFORMATION_FORMAT = "dwarf-with-dsym";
				ENABLE_NS_ASSERTIONS = NO;
				ENABLE_STRICT_OBJC_MSGSEND = YES;
				GCC_C_LANGUAGE_STANDARD = gnu11;
				GCC_NO_COMMON_BLOCKS = YES;
				GCC_WARN_64_TO_32_BIT_CONVERSION = YES;
				GCC_WARN_ABOUT_RETURN_TYPE = YES_ERROR;
				GCC_WARN_UNDECLARED_SELECTOR = YES;
				GCC_WARN_UNINITIALIZED_AUTOS = YES_AGGRESSIVE;
				GCC_WARN_UNUSED_FUNCTION = YES;
				GCC_WARN_UNUSED_VARIABLE = YES;
				IPHONEOS_DEPLOYMENT_TARGET = 14.4;
				MTL_ENABLE_DEBUG_INFO = NO;
				MTL_FAST_MATH = YES;
				SDKROOT = iphoneos;
				SWIFT_COMPILATION_MODE = wholemodule;
				SWIFT_OPTIMIZATION_LEVEL = "-O";
				VALIDATE_PRODUCT = YES;
			};
			name = Release;
		};
		2DC3071227E90E100061D641 /* Debug */ = {
			isa = XCBuildConfiguration;
			buildSettings = {
				ASSETCATALOG_COMPILER_APPICON_NAME = AppIcon;
				ASSETCATALOG_COMPILER_GLOBAL_ACCENT_COLOR_NAME = AccentColor;
				CODE_SIGN_STYLE = Automatic;
				DEVELOPMENT_TEAM = 2H8VP26HBU;
				INFOPLIST_FILE = Dragedex/Info.plist;
				LD_RUNPATH_SEARCH_PATHS = (
					"$(inherited)",
					"@executable_path/Frameworks",
				);
				PRODUCT_BUNDLE_IDENTIFIER = xyz.Dragedex;
				PRODUCT_NAME = "$(TARGET_NAME)";
				SWIFT_VERSION = 5.0;
				TARGETED_DEVICE_FAMILY = 1;
			};
			name = Debug;
		};
		2DC3071327E90E100061D641 /* Release */ = {
			isa = XCBuildConfiguration;
			buildSettings = {
				ASSETCATALOG_COMPILER_APPICON_NAME = AppIcon;
				ASSETCATALOG_COMPILER_GLOBAL_ACCENT_COLOR_NAME = AccentColor;
				CODE_SIGN_STYLE = Automatic;
				DEVELOPMENT_TEAM = 2H8VP26HBU;
				INFOPLIST_FILE = Dragedex/Info.plist;
				LD_RUNPATH_SEARCH_PATHS = (
					"$(inherited)",
					"@executable_path/Frameworks",
				);
				PRODUCT_BUNDLE_IDENTIFIER = xyz.Dragedex;
				PRODUCT_NAME = "$(TARGET_NAME)";
				SWIFT_VERSION = 5.0;
				TARGETED_DEVICE_FAMILY = 1;
			};
			name = Release;
		};
		2DC3071527E90E100061D641 /* Debug */ = {
			isa = XCBuildConfiguration;
			buildSettings = {
				ALWAYS_EMBED_SWIFT_STANDARD_LIBRARIES = YES;
				BUNDLE_LOADER = "$(TEST_HOST)";
				CODE_SIGN_STYLE = Automatic;
				DEVELOPMENT_TEAM = 2H8VP26HBU;
				INFOPLIST_FILE = DragedexTests/Info.plist;
				IPHONEOS_DEPLOYMENT_TARGET = 14.4;
				LD_RUNPATH_SEARCH_PATHS = (
					"$(inherited)",
					"@executable_path/Frameworks",
					"@loader_path/Frameworks",
				);
				PRODUCT_BUNDLE_IDENTIFIER = xyz.DragedexTests;
				PRODUCT_NAME = "$(TARGET_NAME)";
				SWIFT_VERSION = 5.0;
				TARGETED_DEVICE_FAMILY = "1,2";
				TEST_HOST = "$(BUILT_PRODUCTS_DIR)/Dragedex.app/Dragedex";
			};
			name = Debug;
		};
		2DC3071627E90E100061D641 /* Release */ = {
			isa = XCBuildConfiguration;
			buildSettings = {
				ALWAYS_EMBED_SWIFT_STANDARD_LIBRARIES = YES;
				BUNDLE_LOADER = "$(TEST_HOST)";
				CODE_SIGN_STYLE = Automatic;
				DEVELOPMENT_TEAM = 2H8VP26HBU;
				INFOPLIST_FILE = DragedexTests/Info.plist;
				IPHONEOS_DEPLOYMENT_TARGET = 14.4;
				LD_RUNPATH_SEARCH_PATHS = (
					"$(inherited)",
					"@executable_path/Frameworks",
					"@loader_path/Frameworks",
				);
				PRODUCT_BUNDLE_IDENTIFIER = xyz.DragedexTests;
				PRODUCT_NAME = "$(TARGET_NAME)";
				SWIFT_VERSION = 5.0;
				TARGETED_DEVICE_FAMILY = "1,2";
				TEST_HOST = "$(BUILT_PRODUCTS_DIR)/Dragedex.app/Dragedex";
			};
			name = Release;
		};
		2DC3071827E90E100061D641 /* Debug */ = {
			isa = XCBuildConfiguration;
			buildSettings = {
				ALWAYS_EMBED_SWIFT_STANDARD_LIBRARIES = YES;
				CODE_SIGN_STYLE = Automatic;
				DEVELOPMENT_TEAM = 2H8VP26HBU;
				INFOPLIST_FILE = DragedexUITests/Info.plist;
				LD_RUNPATH_SEARCH_PATHS = (
					"$(inherited)",
					"@executable_path/Frameworks",
					"@loader_path/Frameworks",
				);
				PRODUCT_BUNDLE_IDENTIFIER = xyz.DragedexUITests;
				PRODUCT_NAME = "$(TARGET_NAME)";
				SWIFT_VERSION = 5.0;
				TARGETED_DEVICE_FAMILY = "1,2";
				TEST_TARGET_NAME = Dragedex;
			};
			name = Debug;
		};
		2DC3071927E90E100061D641 /* Release */ = {
			isa = XCBuildConfiguration;
			buildSettings = {
				ALWAYS_EMBED_SWIFT_STANDARD_LIBRARIES = YES;
				CODE_SIGN_STYLE = Automatic;
				DEVELOPMENT_TEAM = 2H8VP26HBU;
				INFOPLIST_FILE = DragedexUITests/Info.plist;
				LD_RUNPATH_SEARCH_PATHS = (
					"$(inherited)",
					"@executable_path/Frameworks",
					"@loader_path/Frameworks",
				);
				PRODUCT_BUNDLE_IDENTIFIER = xyz.DragedexUITests;
				PRODUCT_NAME = "$(TARGET_NAME)";
				SWIFT_VERSION = 5.0;
				TARGETED_DEVICE_FAMILY = "1,2";
				TEST_TARGET_NAME = Dragedex;
			};
			name = Release;
		};
/* End XCBuildConfiguration section */

/* Begin XCConfigurationList section */
		2DC306DF27E90E100061D641 /* Build configuration list for PBXProject "Dragedex" */ = {
			isa = XCConfigurationList;
			buildConfigurations = (
				2DC3070F27E90E100061D641 /* Debug */,
				2DC3071027E90E100061D641 /* Release */,
			);
			defaultConfigurationIsVisible = 0;
			defaultConfigurationName = Release;
		};
		2DC3071127E90E100061D641 /* Build configuration list for PBXNativeTarget "Dragedex" */ = {
			isa = XCConfigurationList;
			buildConfigurations = (
				2DC3071227E90E100061D641 /* Debug */,
				2DC3071327E90E100061D641 /* Release */,
			);
			defaultConfigurationIsVisible = 0;
			defaultConfigurationName = Release;
		};
		2DC3071427E90E100061D641 /* Build configuration list for PBXNativeTarget "DragedexTests" */ = {
			isa = XCConfigurationList;
			buildConfigurations = (
				2DC3071527E90E100061D641 /* Debug */,
				2DC3071627E90E100061D641 /* Release */,
			);
			defaultConfigurationIsVisible = 0;
			defaultConfigurationName = Release;
		};
		2DC3071727E90E100061D641 /* Build configuration list for PBXNativeTarget "DragedexUITests" */ = {
			isa = XCConfigurationList;
			buildConfigurations = (
				2DC3071827E90E100061D641 /* Debug */,
				2DC3071927E90E100061D641 /* Release */,
			);
			defaultConfigurationIsVisible = 0;
			defaultConfigurationName = Release;
		};
/* End XCConfigurationList section */

/* Begin XCRemoteSwiftPackageReference section */
		2D3310A027EA553800A2021A /* XCRemoteSwiftPackageReference "SDWebImage" */ = {
			isa = XCRemoteSwiftPackageReference;
			repositoryURL = "https://github.com/SDWebImage/SDWebImage";
			requirement = {
				kind = upToNextMajorVersion;
				minimumVersion = 5.12.5;
			};
		};
/* End XCRemoteSwiftPackageReference section */

/* Begin XCSwiftPackageProductDependency section */
		2D3310A127EA553800A2021A /* SDWebImage */ = {
			isa = XCSwiftPackageProductDependency;
			package = 2D3310A027EA553800A2021A /* XCRemoteSwiftPackageReference "SDWebImage" */;
			productName = SDWebImage;
		};
/* End XCSwiftPackageProductDependency section */

/* Begin XCVersionGroup section */
		2DC306F027E90E100061D641 /* Dragedex.xcdatamodeld */ = {
			isa = XCVersionGroup;
			children = (
				2DC306F127E90E100061D641 /* Dragedex.xcdatamodel */,
			);
			currentVersion = 2DC306F127E90E100061D641 /* Dragedex.xcdatamodel */;
			path = Dragedex.xcdatamodeld;
			sourceTree = "<group>";
			versionGroupType = wrapper.xcdatamodel;
		};
/* End XCVersionGroup section */
	};
	rootObject = 2DC306DC27E90E100061D641 /* Project object */;
}
